
Microsoft Visual Studio Solution File, Format Version 12.00
# Visual Studio Version 16
VisualStudioVersion = 16.0.29424.173
MinimumVisualStudioVersion = 10.0.40219.1
Project("{9A19103F-16F7-4668-BE54-9A1E7A4F7556}") = "AbstractFactory", "ConsoleApp1\AbstractFactory.csproj", "{3181E294-5A49-407E-9BE6-82BAC183E4F9}"
EndProject
Global
	GlobalSection(SolutionConfigurationPlatforms) = preSolution
		Debug|Any CPU = Debug|Any CPU
		Release|Any CPU = Release|Any CPU
	EndGlobalSection
	GlobalSection(ProjectConfigurationPlatforms) = postSolution
		{3181E294-5A49-407E-9BE6-82BAC183E4F9}.Debug|Any CPU.ActiveCfg = Debug|Any CPU
		{3181E294-5A49-407E-9BE6-82BAC183E4F9}.Debug|Any CPU.Build.0 = Debug|Any CPU
		{3181E294-5A49-407E-9BE6-82BAC183E4F9}.Release|Any CPU.ActiveCfg = Release|Any CPU
		{3181E294-5A49-407E-9BE6-82BAC183E4F9}.Release|Any CPU.Build.0 = Release|Any CPU
	EndGlobalSection
	GlobalSection(SolutionProperties) = preSolution
		HideSolutionNode = FALSE
	EndGlobalSection
	GlobalSection(ExtensibilityGlobals) = postSolution
		SolutionGuid = {C2262387-6DC8-4DAF-A7CE-283F068522E7}
	EndGlobalSection
EndGlobal
